<Solution>
  <Configurations>
    <Platform Name="x64" />
  </Configurations>
  <Project Path="JavaNETInterface/JavaNETInterface/JavaNETInterface.csproj">
    <Platform Project="x64" />
  </Project>
  <Project Path="JniSharpGenerator.Sample/JniSharpGenerator.Sample.csproj">
    <Platform Project="x64" />
  </Project>
  <Project Path="JniSharpGenerator/JniSharpGenerator.csproj">
    <Platform Project="x64" />
  </Project>
</Solution>
